
Microsoft Visual Studio Solution File, Format Version 12.00
# Visual Studio Version 17
VisualStudioVersion = 17.11.35303.130
MinimumVisualStudioVersion = 10.0.40219.1
Project("{2150E333-8FDC-42A3-9474-1A3956D46DE8}") = "Task0", "Task0", "{2915A226-3928-4B68-95C9-87F9280529FD}"
EndProject
Project("{9A19103F-16F7-4668-BE54-9A1E7A4F7556}") = "Tyuiu.NedelkinFA.Sprint2.Task0.V3", "Tyuiu.NedelkinFA.Sprint2.Task0.V3\Tyuiu.NedelkinFA.Sprint2.Task0.V3.csproj", "{34127A7F-1858-4B07-AAD8-5156A58C9FCD}"
EndProject
Project("{9A19103F-16F7-4668-BE54-9A1E7A4F7556}") = "Tyuiu.NedelkinFA.Sprint2.Task0.V3.Lib", "Tyuiu.NedelkinFA.Sprint2.Task0.V3.Lib\Tyuiu.NedelkinFA.Sprint2.Task0.V3.Lib.csproj", "{7F489AB7-5470-47F5-A91E-E3BDB851E10D}"
EndProject
Project("{9A19103F-16F7-4668-BE54-9A1E7A4F7556}") = "Tyuiu.NedelkinFA.Sprint2.Task0.V3.Test", "Tyuiu.NedelkinFA.Sprint2.Task0.V3.Test\Tyuiu.NedelkinFA.Sprint2.Task0.V3.Test.csproj", "{752FA25A-B1FD-4BD4-9B1D-992A8298BB6B}"
EndProject
Project("{2150E333-8FDC-42A3-9474-1A3956D46DE8}") = "Task1", "Task1", "{D1BF86AC-E18A-4750-91A2-CB5E7561786C}"
EndProject
Project("{9A19103F-16F7-4668-BE54-9A1E7A4F7556}") = "Tyuiu.NedelkinFA.Sprint2.Task1.V8", "Tyuiu.NedelkinFA.Sprint2.Task1.V8\Tyuiu.NedelkinFA.Sprint2.Task1.V8.csproj", "{A7713254-F103-4E62-BBF9-63B41A323186}"
EndProject
Project("{9A19103F-16F7-4668-BE54-9A1E7A4F7556}") = "Tyuiu.NedelkinFA.Sprint2.Task1.V8.Lib", "Tyuiu.NedelkinFA.Sprint2.Task1.V8.Lib\Tyuiu.NedelkinFA.Sprint2.Task1.V8.Lib.csproj", "{6547E382-FF19-4064-B486-F22BB81FD6C7}"
EndProject
Project("{9A19103F-16F7-4668-BE54-9A1E7A4F7556}") = "Tyuiu.NedelkinFA.Sprint2.Task1.V8.Test", "Tyuiu.NedelkinFA.Sprint2.Task1.V8.Test\Tyuiu.NedelkinFA.Sprint2.Task1.V8.Test.csproj", "{B4D45B61-4932-4F9F-AE06-DF35653CB89D}"
EndProject
Project("{2150E333-8FDC-42A3-9474-1A3956D46DE8}") = "Task2", "Task2", "{42321FB1-0EB8-4B6E-8C25-C328DE8115FA}"
EndProject
Project("{FAE04EC0-301F-11D3-BF4B-00C04F79EFBC}") = "Tyuiu.NedelkinFA.Sprint2.Task2.V22", "Tyuiu.NedelkinFA.Sprint2.Task2.V22\Tyuiu.NedelkinFA.Sprint2.Task2.V22.csproj", "{2AC6817E-D813-46B3-B3C8-E668327259AB}"
EndProject
Project("{FAE04EC0-301F-11D3-BF4B-00C04F79EFBC}") = "Tyuiu.NedelkinFA.Sprint2.Task2.V22.Lib", "Tyuiu.NedelkinFA.Sprint2.Task2.V22.Lib\Tyuiu.NedelkinFA.Sprint2.Task2.V22.Lib.csproj", "{308BD749-E35D-40DB-A82D-218429D6BE0D}"
EndProject
Project("{FAE04EC0-301F-11D3-BF4B-00C04F79EFBC}") = "Tyuiu.NedelkinFA.Sprint2.Task2.V22.Test", "Tyuiu.NedelkinFA.Sprint2.Task2.V22.Test\Tyuiu.NedelkinFA.Sprint2.Task2.V22.Test.csproj", "{5186F60F-C2B4-4E5B-BC17-4017A6AC2953}"
EndProject
Project("{2150E333-8FDC-42A3-9474-1A3956D46DE8}") = "Task3", "Task3", "{CD4E558E-1C70-4623-AAD4-001CFED1EB93}"
EndProject
Project("{FAE04EC0-301F-11D3-BF4B-00C04F79EFBC}") = "Tyuiu.NedelkinFA.Sprint2.Task3.V3", "Tyuiu.NedelkinFA.Sprint2.Task3.V3\Tyuiu.NedelkinFA.Sprint2.Task3.V3.csproj", "{AD9F5046-3692-4C4D-872E-45A1EF545F2E}"
EndProject
Project("{FAE04EC0-301F-11D3-BF4B-00C04F79EFBC}") = "Tyuiu.NedelkinFA.Sprint2.Task3.V3.Lib", "Tyuiu.NedelkinFA.Sprint2.Task3.V3.Lib\Tyuiu.NedelkinFA.Sprint2.Task3.V3.Lib.csproj", "{13B4C926-9831-4192-AF89-1ED3D5C5B5EF}"
EndProject
Project("{FAE04EC0-301F-11D3-BF4B-00C04F79EFBC}") = "Tyuiu.NedelkinFA.Sprint2.Task3.V3.Test", "Tyuiu.NedelkinFA.Sprint2.Task3.V3.Test\Tyuiu.NedelkinFA.Sprint2.Task3.V3.Test.csproj", "{87D86534-7C2F-4FFB-BA87-E33DD6BE2286}"
EndProject
Global
	GlobalSection(SolutionConfigurationPlatforms) = preSolution
		Debug|Any CPU = Debug|Any CPU
		Release|Any CPU = Release|Any CPU
	EndGlobalSection
	GlobalSection(ProjectConfigurationPlatforms) = postSolution
		{34127A7F-1858-4B07-AAD8-5156A58C9FCD}.Debug|Any CPU.ActiveCfg = Debug|Any CPU
		{34127A7F-1858-4B07-AAD8-5156A58C9FCD}.Debug|Any CPU.Build.0 = Debug|Any CPU
		{34127A7F-1858-4B07-AAD8-5156A58C9FCD}.Release|Any CPU.ActiveCfg = Release|Any CPU
		{34127A7F-1858-4B07-AAD8-5156A58C9FCD}.Release|Any CPU.Build.0 = Release|Any CPU
		{7F489AB7-5470-47F5-A91E-E3BDB851E10D}.Debug|Any CPU.ActiveCfg = Debug|Any CPU
		{7F489AB7-5470-47F5-A91E-E3BDB851E10D}.Debug|Any CPU.Build.0 = Debug|Any CPU
		{7F489AB7-5470-47F5-A91E-E3BDB851E10D}.Release|Any CPU.ActiveCfg = Release|Any CPU
		{7F489AB7-5470-47F5-A91E-E3BDB851E10D}.Release|Any CPU.Build.0 = Release|Any CPU
		{752FA25A-B1FD-4BD4-9B1D-992A8298BB6B}.Debug|Any CPU.ActiveCfg = Debug|Any CPU
		{752FA25A-B1FD-4BD4-9B1D-992A8298BB6B}.Debug|Any CPU.Build.0 = Debug|Any CPU
		{752FA25A-B1FD-4BD4-9B1D-992A8298BB6B}.Release|Any CPU.ActiveCfg = Release|Any CPU
		{752FA25A-B1FD-4BD4-9B1D-992A8298BB6B}.Release|Any CPU.Build.0 = Release|Any CPU
		{A7713254-F103-4E62-BBF9-63B41A323186}.Debug|Any CPU.ActiveCfg = Debug|Any CPU
		{A7713254-F103-4E62-BBF9-63B41A323186}.Debug|Any CPU.Build.0 = Debug|Any CPU
		{A7713254-F103-4E62-BBF9-63B41A323186}.Release|Any CPU.ActiveCfg = Release|Any CPU
		{A7713254-F103-4E62-BBF9-63B41A323186}.Release|Any CPU.Build.0 = Release|Any CPU
		{6547E382-FF19-4064-B486-F22BB81FD6C7}.Debug|Any CPU.ActiveCfg = Debug|Any CPU
		{6547E382-FF19-4064-B486-F22BB81FD6C7}.Debug|Any CPU.Build.0 = Debug|Any CPU
		{6547E382-FF19-4064-B486-F22BB81FD6C7}.Release|Any CPU.ActiveCfg = Release|Any CPU
		{6547E382-FF19-4064-B486-F22BB81FD6C7}.Release|Any CPU.Build.0 = Release|Any CPU
		{B4D45B61-4932-4F9F-AE06-DF35653CB89D}.Debug|Any CPU.ActiveCfg = Debug|Any CPU
		{B4D45B61-4932-4F9F-AE06-DF35653CB89D}.Debug|Any CPU.Build.0 = Debug|Any CPU
		{B4D45B61-4932-4F9F-AE06-DF35653CB89D}.Release|Any CPU.ActiveCfg = Release|Any CPU
		{B4D45B61-4932-4F9F-AE06-DF35653CB89D}.Release|Any CPU.Build.0 = Release|Any CPU
		{2AC6817E-D813-46B3-B3C8-E668327259AB}.Debug|Any CPU.ActiveCfg = Debug|Any CPU
		{2AC6817E-D813-46B3-B3C8-E668327259AB}.Debug|Any CPU.Build.0 = Debug|Any CPU
		{2AC6817E-D813-46B3-B3C8-E668327259AB}.Release|Any CPU.ActiveCfg = Release|Any CPU
		{2AC6817E-D813-46B3-B3C8-E668327259AB}.Release|Any CPU.Build.0 = Release|Any CPU
		{308BD749-E35D-40DB-A82D-218429D6BE0D}.Debug|Any CPU.ActiveCfg = Debug|Any CPU
		{308BD749-E35D-40DB-A82D-218429D6BE0D}.Debug|Any CPU.Build.0 = Debug|Any CPU
		{308BD749-E35D-40DB-A82D-218429D6BE0D}.Release|Any CPU.ActiveCfg = Release|Any CPU
		{308BD749-E35D-40DB-A82D-218429D6BE0D}.Release|Any CPU.Build.0 = Release|Any CPU
		{5186F60F-C2B4-4E5B-BC17-4017A6AC2953}.Debug|Any CPU.ActiveCfg = Debug|Any CPU
		{5186F60F-C2B4-4E5B-BC17-4017A6AC2953}.Debug|Any CPU.Build.0 = Debug|Any CPU
		{5186F60F-C2B4-4E5B-BC17-4017A6AC2953}.Release|Any CPU.ActiveCfg = Release|Any CPU
		{5186F60F-C2B4-4E5B-BC17-4017A6AC2953}.Release|Any CPU.Build.0 = Release|Any CPU
		{AD9F5046-3692-4C4D-872E-45A1EF545F2E}.Debug|Any CPU.ActiveCfg = Debug|Any CPU
		{AD9F5046-3692-4C4D-872E-45A1EF545F2E}.Debug|Any CPU.Build.0 = Debug|Any CPU
		{AD9F5046-3692-4C4D-872E-45A1EF545F2E}.Release|Any CPU.ActiveCfg = Release|Any CPU
		{AD9F5046-3692-4C4D-872E-45A1EF545F2E}.Release|Any CPU.Build.0 = Release|Any CPU
		{13B4C926-9831-4192-AF89-1ED3D5C5B5EF}.Debug|Any CPU.ActiveCfg = Debug|Any CPU
		{13B4C926-9831-4192-AF89-1ED3D5C5B5EF}.Debug|Any CPU.Build.0 = Debug|Any CPU
		{13B4C926-9831-4192-AF89-1ED3D5C5B5EF}.Release|Any CPU.ActiveCfg = Release|Any CPU
		{13B4C926-9831-4192-AF89-1ED3D5C5B5EF}.Release|Any CPU.Build.0 = Release|Any CPU
		{87D86534-7C2F-4FFB-BA87-E33DD6BE2286}.Debug|Any CPU.ActiveCfg = Debug|Any CPU
		{87D86534-7C2F-4FFB-BA87-E33DD6BE2286}.Debug|Any CPU.Build.0 = Debug|Any CPU
		{87D86534-7C2F-4FFB-BA87-E33DD6BE2286}.Release|Any CPU.ActiveCfg = Release|Any CPU
		{87D86534-7C2F-4FFB-BA87-E33DD6BE2286}.Release|Any CPU.Build.0 = Release|Any CPU
	EndGlobalSection
	GlobalSection(SolutionProperties) = preSolution
		HideSolutionNode = FALSE
	EndGlobalSection
	GlobalSection(NestedProjects) = preSolution
		{34127A7F-1858-4B07-AAD8-5156A58C9FCD} = {2915A226-3928-4B68-95C9-87F9280529FD}
		{7F489AB7-5470-47F5-A91E-E3BDB851E10D} = {2915A226-3928-4B68-95C9-87F9280529FD}
		{752FA25A-B1FD-4BD4-9B1D-992A8298BB6B} = {2915A226-3928-4B68-95C9-87F9280529FD}
		{A7713254-F103-4E62-BBF9-63B41A323186} = {D1BF86AC-E18A-4750-91A2-CB5E7561786C}
		{6547E382-FF19-4064-B486-F22BB81FD6C7} = {D1BF86AC-E18A-4750-91A2-CB5E7561786C}
		{B4D45B61-4932-4F9F-AE06-DF35653CB89D} = {D1BF86AC-E18A-4750-91A2-CB5E7561786C}
		{2AC6817E-D813-46B3-B3C8-E668327259AB} = {42321FB1-0EB8-4B6E-8C25-C328DE8115FA}
		{308BD749-E35D-40DB-A82D-218429D6BE0D} = {42321FB1-0EB8-4B6E-8C25-C328DE8115FA}
		{5186F60F-C2B4-4E5B-BC17-4017A6AC2953} = {42321FB1-0EB8-4B6E-8C25-C328DE8115FA}
		{AD9F5046-3692-4C4D-872E-45A1EF545F2E} = {CD4E558E-1C70-4623-AAD4-001CFED1EB93}
		{13B4C926-9831-4192-AF89-1ED3D5C5B5EF} = {CD4E558E-1C70-4623-AAD4-001CFED1EB93}
		{87D86534-7C2F-4FFB-BA87-E33DD6BE2286} = {CD4E558E-1C70-4623-AAD4-001CFED1EB93}
	EndGlobalSection
	GlobalSection(ExtensibilityGlobals) = postSolution
		SolutionGuid = {7984BFFC-2450-41AB-8233-A6E21E5F9D4A}
	EndGlobalSection
EndGlobal
